# THIS IS AN AUTOGENERATED FILE. DO NOT EDIT THIS FILE DIRECTLY.
# yarn lockfile v1


filepond-plugin-image-exif-orientation@^1.0.11:
  version "1.0.11"
  resolved "https://registry.yarnpkg.com/filepond-plugin-image-exif-orientation/-/filepond-plugin-image-exif-orientation-1.0.11.tgz#c46b522e8873e2ad5b9c7e2bbbe71176c9df58b2"
  integrity sha512-hLBc12Fk6Zkj3L8mSAn+elugHOqT5rLUbgVXQQIQjMe0FsGjtpoxqeVR6jt4IWHGat2L9sFAgU2TGmd1mqosCg==

filepond-plugin-image-preview@^4.6.7:
  version "4.6.7"
  resolved "https://registry.yarnpkg.com/filepond-plugin-image-preview/-/filepond-plugin-image-preview-4.6.7.tgz#cc24e6f084c8e799e25ed4d317d3ff245fe31de1"
  integrity sha512-zr3f+8PdKx5o2wcCNgZ5bxfkT4dblXWpEWNL6Kvo/YP0kixnw4Sv55scVfpHKxQyCYqDzismbLbihQRU8kV92g==

filepond@^4.28.2:
  version "4.28.2"
  resolved "https://registry.yarnpkg.com/filepond/-/filepond-4.28.2.tgz#ee8920a0aa36e8a93e0586d25a84078721eb8357"
  integrity sha512-D9JLsSMwAG8imNDYCLjk9qrkM4TXA8mR9VXpgnSn9FzBu7LroS/MfmTH45zHbujxLBdEeom75u3pK5EhwkNYkA==

react-filepond@^7.1.1:
  version "7.1.1"
  resolved "https://registry.yarnpkg.com/react-filepond/-/react-filepond-7.1.1.tgz#467aa45051da5dbbca03a2ce58d2aacbbcfbb0e9"
  integrity sha512-6Szyi3zY4AEiSlE5rztJov/xIDB107Sv31MctDoSutdLinMqmbMej6kJ2MtSGzAhsP2+h8cDDr51mdHNXt97Yw==
